
Microsoft Visual Studio Solution File, Format Version 12.00
# Visual Studio Version 17
VisualStudioVersion = 17.11.35222.181
MinimumVisualStudioVersion = 10.0.40219.1
Project("{9A19103F-16F7-4668-BE54-9A1E7A4F7556}") = "GetStartedApp2", "GetStartedApp2\GetStartedApp2.csproj", "{4D8D769A-92B0-4C51-880F-856A2B8B78F3}"
EndProject
Project("{9A19103F-16F7-4668-BE54-9A1E7A4F7556}") = "GetStartedApp2.Android", "GetStartedApp2.Android\GetStartedApp2.Android.csproj", "{A7505F20-9263-4DAB-9E47-14CF10CC0659}"
EndProject
Project("{9A19103F-16F7-4668-BE54-9A1E7A4F7556}") = "GetStartedApp2.Browser", "GetStartedApp2.Browser\GetStartedApp2.Browser.csproj", "{57B70720-11C0-407C-BFAA-26BBC2AC8120}"
EndProject
Project("{9A19103F-16F7-4668-BE54-9A1E7A4F7556}") = "GetStartedApp2.Desktop", "GetStartedApp2.Desktop\GetStartedApp2.Desktop.csproj", "{F4CF3653-E0F1-4403-A53D-26D5F0C2B59F}"
EndProject
Project("{9A19103F-16F7-4668-BE54-9A1E7A4F7556}") = "GetStartedApp2.iOS", "GetStartedApp2.iOS\GetStartedApp2.iOS.csproj", "{32442389-6B3B-4963-AE83-570E92A4AC8D}"
EndProject
Global
	GlobalSection(SolutionConfigurationPlatforms) = preSolution
		Debug|Any CPU = Debug|Any CPU
		Release|Any CPU = Release|Any CPU
	EndGlobalSection
	GlobalSection(ProjectConfigurationPlatforms) = postSolution
		{4D8D769A-92B0-4C51-880F-856A2B8B78F3}.Debug|Any CPU.ActiveCfg = Debug|Any CPU
		{4D8D769A-92B0-4C51-880F-856A2B8B78F3}.Debug|Any CPU.Build.0 = Debug|Any CPU
		{4D8D769A-92B0-4C51-880F-856A2B8B78F3}.Release|Any CPU.ActiveCfg = Release|Any CPU
		{4D8D769A-92B0-4C51-880F-856A2B8B78F3}.Release|Any CPU.Build.0 = Release|Any CPU
		{A7505F20-9263-4DAB-9E47-14CF10CC0659}.Debug|Any CPU.ActiveCfg = Debug|Any CPU
		{A7505F20-9263-4DAB-9E47-14CF10CC0659}.Debug|Any CPU.Build.0 = Debug|Any CPU
		{A7505F20-9263-4DAB-9E47-14CF10CC0659}.Release|Any CPU.ActiveCfg = Release|Any CPU
		{A7505F20-9263-4DAB-9E47-14CF10CC0659}.Release|Any CPU.Build.0 = Release|Any CPU
		{57B70720-11C0-407C-BFAA-26BBC2AC8120}.Debug|Any CPU.ActiveCfg = Debug|Any CPU
		{57B70720-11C0-407C-BFAA-26BBC2AC8120}.Debug|Any CPU.Build.0 = Debug|Any CPU
		{57B70720-11C0-407C-BFAA-26BBC2AC8120}.Release|Any CPU.ActiveCfg = Release|Any CPU
		{57B70720-11C0-407C-BFAA-26BBC2AC8120}.Release|Any CPU.Build.0 = Release|Any CPU
		{F4CF3653-E0F1-4403-A53D-26D5F0C2B59F}.Debug|Any CPU.ActiveCfg = Debug|Any CPU
		{F4CF3653-E0F1-4403-A53D-26D5F0C2B59F}.Debug|Any CPU.Build.0 = Debug|Any CPU
		{F4CF3653-E0F1-4403-A53D-26D5F0C2B59F}.Release|Any CPU.ActiveCfg = Release|Any CPU
		{F4CF3653-E0F1-4403-A53D-26D5F0C2B59F}.Release|Any CPU.Build.0 = Release|Any CPU
		{32442389-6B3B-4963-AE83-570E92A4AC8D}.Debug|Any CPU.ActiveCfg = Debug|Any CPU
		{32442389-6B3B-4963-AE83-570E92A4AC8D}.Debug|Any CPU.Build.0 = Debug|Any CPU
		{32442389-6B3B-4963-AE83-570E92A4AC8D}.Release|Any CPU.ActiveCfg = Release|Any CPU
		{32442389-6B3B-4963-AE83-570E92A4AC8D}.Release|Any CPU.Build.0 = Release|Any CPU
	EndGlobalSection
	GlobalSection(SolutionProperties) = preSolution
		HideSolutionNode = FALSE
	EndGlobalSection
	GlobalSection(ExtensibilityGlobals) = postSolution
		SolutionGuid = {17CEDE39-9A6C-4AA7-B7F2-34FBBE4D29E1}
	EndGlobalSection
EndGlobal
